// !$*UTF8*$!
{
	archiveVersion = 1;
	classes = {
	};
	objectVersion = 38;
	objects = {
		014CEA4C0018CE3E11CA2923 = {
			buildRules = (
			);
			buildSettings = {
				COPY_PHASE_STRIP = NO;
				OPTIMIZATION_CFLAGS = "-O0";
			};
			isa = PBXBuildStyle;
			name = Development;
		};
		014CEA4D0018CE3E11CA2923 = {
			buildRules = (
			);
			buildSettings = {
				COPY_PHASE_STRIP = YES;
			};
			isa = PBXBuildStyle;
			name = Deployment;
		};
//010
//011
//012
//013
//014
//030
//031
//032
//033
//034
		034768E4FF38A6EB11DB9C8B = {
			isa = PBXExecutableFileReference;
			path = "Echo Client";
			refType = 3;
		};
//030
//031
//032
//033
//034
//080
//081
//082
//083
//084
		08FB7793FE84155DC02AAC07 = {
			buildStyles = (
				014CEA4C0018CE3E11CA2923,
				014CEA4D0018CE3E11CA2923,
			);
			hasScannedForEncodings = 1;
			isa = PBXProject;
			mainGroup = 08FB7794FE84155DC02AAC07;
			projectDirPath = "";
			targets = (
				08FB779FFE84155DC02AAC07,
			);
		};
		08FB7794FE84155DC02AAC07 = {
			children = (
				08FB7795FE84155DC02AAC07,
				08FB779DFE84155DC02AAC07,
				1A8B4A8EFE9D542A11CA2CBB,
			);
			isa = PBXGroup;
			name = "Echo Client";
			refType = 4;
		};
		08FB7795FE84155DC02AAC07 = {
			children = (
				08FB7796FE84155DC02AAC07,
			);
			isa = PBXGroup;
			name = Source;
			refType = 4;
		};
		08FB7796FE84155DC02AAC07 = {
			fileEncoding = 30;
			isa = PBXFileReference;
			path = main.c;
			refType = 4;
		};
		08FB779DFE84155DC02AAC07 = {
			children = (
				7EAC506E027A03D50EFF6453,
				097DBE83FE8419DDC02AAC07,
			);
			isa = PBXGroup;
			name = "External Frameworks and Libraries";
			refType = 4;
		};
		08FB779FFE84155DC02AAC07 = {
			buildPhases = (
				08FB77A0FE84155DC02AAC07,
				08FB77A1FE84155DC02AAC07,
				08FB77A3FE84155DC02AAC07,
				08FB77A5FE84155DC02AAC07,
			);
			buildSettings = {
				FRAMEWORK_SEARCH_PATHS = "";
				HEADER_SEARCH_PATHS = "";
				INSTALL_PATH = "$(HOME)/bin";
				LIBRARY_SEARCH_PATHS = "";
				OTHER_CFLAGS = "";
				OTHER_LDFLAGS = "";
				OTHER_REZFLAGS = "";
				PRODUCT_NAME = "Echo Client";
				REZ_EXECUTABLE = YES;
				SECTORDER_FLAGS = "";
				WARNING_CFLAGS = "-Wmost -Wno-four-char-constants -Wno-unknown-pragmas";
			};
			dependencies = (
			);
			isa = PBXToolTarget;
			name = "Echo Client";
			productInstallPath = "$(HOME)/bin";
			productName = "Echo Client";
			productReference = 034768E4FF38A6EB11DB9C8B;
		};
		08FB77A0FE84155DC02AAC07 = {
			buildActionMask = 2147483647;
			files = (
			);
			isa = PBXHeadersBuildPhase;
			runOnlyForDeploymentPostprocessing = 0;
		};
		08FB77A1FE84155DC02AAC07 = {
			buildActionMask = 2147483647;
			files = (
				08FB77A2FE84155DC02AAC07,
			);
			isa = PBXSourcesBuildPhase;
			runOnlyForDeploymentPostprocessing = 0;
		};
		08FB77A2FE84155DC02AAC07 = {
			fileRef = 08FB7796FE84155DC02AAC07;
			isa = PBXBuildFile;
			settings = {
				ATTRIBUTES = (
				);
			};
		};
		08FB77A3FE84155DC02AAC07 = {
			buildActionMask = 2147483647;
			files = (
				097DBE84FE8419DDC02AAC07,
				7EAC53EB027A03D60EFF6453,
			);
			isa = PBXFrameworksBuildPhase;
			runOnlyForDeploymentPostprocessing = 0;
		};
		08FB77A5FE84155DC02AAC07 = {
			buildActionMask = 2147483647;
			files = (
			);
			isa = PBXRezBuildPhase;
			runOnlyForDeploymentPostprocessing = 0;
		};
//080
//081
//082
//083
//084
//090
//091
//092
//093
//094
		097DBE83FE8419DDC02AAC07 = {
			isa = PBXFrameworkReference;
			name = CoreServices.framework;
			path = /System/Library/Frameworks/CoreServices.framework;
			refType = 0;
		};
		097DBE84FE8419DDC02AAC07 = {
			fileRef = 097DBE83FE8419DDC02AAC07;
			isa = PBXBuildFile;
			settings = {
			};
		};
//090
//091
//092
//093
//094
//1A0
//1A1
//1A2
//1A3
//1A4
		1A8B4A8EFE9D542A11CA2CBB = {
			children = (
				034768E4FF38A6EB11DB9C8B,
			);
			isa = PBXGroup;
			name = Products;
			refType = 4;
		};
//1A0
//1A1
//1A2
//1A3
//1A4
//7E0
//7E1
//7E2
//7E3
//7E4
		7EAC506E027A03D50EFF6453 = {
			isa = PBXFrameworkReference;
			name = CoreFoundation.framework;
			path = /System/Library/Frameworks/CoreFoundation.framework;
			refType = 0;
		};
		7EAC53EB027A03D60EFF6453 = {
			fileRef = 7EAC506E027A03D50EFF6453;
			isa = PBXBuildFile;
			settings = {
			};
		};
	};
	rootObject = 08FB7793FE84155DC02AAC07;
}
